{
  "originHash" : "9ce0091904224fc324e8333337c4c736a4d38c6b823fc525a70ce3943de4368f",
  "pins" : [
    {
      "identity" : "gateway-ios-sdk",
      "kind" : "remoteSourceControl",
      "location" : "https://github.com/Mastercard-Gateway/gateway-ios-sdk.git",
      "state" : {
        "branch" : "master",
        "revision" : "994db8ae31bf34c550800d167ed5f6a45e199877"
      }
    }
  ],
  "version" : 3
}
