{
  "originHash" : "9ce0091904224fc324e8333337c4c736a4d38c6b823fc525a70ce3943de4368f",
  "pins" : [
    {
      "identity" : "gateway-ios-sdk",
      "kind" : "remoteSourceControl",
      "location" : "https://github.com/Mastercard-Gateway/gateway-ios-sdk.git",
      "state" : {
        "branch" : "master",
        "revision" : "b31f5bc06c96c3721b96f3031d767f4e03638ab9"
      }
    }
  ],
  "version" : 3
}
