// !$*UTF8*$!
{
	archiveVersion = 1;
	classes = {
	};
	objectVersion = 48;
	objects = {

/* Begin PBXBuildFile section */
		6F15AD4C1F7E9E550084D3AD /* UIViewController+KeyboardAvoiding.swift in Sources */ = {isa = PBXBuildFile; fileRef = 6F15AD4B1F7E9E550084D3AD /* UIViewController+KeyboardAvoiding.swift */; };
		6F5F703A1F7C006E0048F591 /* AppDelegate.swift in Sources */ = {isa = PBXBuildFile; fileRef = 6F5F70391F7C006E0048F591 /* AppDelegate.swift */; };
		6F5F703F1F7C006E0048F591 /* Main.storyboard in Resources */ = {isa = PBXBuildFile; fileRef = 6F5F703D1F7C006E0048F591 /* Main.storyboard */; };
		6F5F70411F7C006E0048F591 /* Assets.xcassets in Resources */ = {isa = PBXBuildFile; fileRef = 6F5F70401F7C006E0048F591 /* Assets.xcassets */; };
		6F5F70441F7C006E0048F591 /* LaunchScreen.storyboard in Resources */ = {isa = PBXBuildFile; fileRef = 6F5F70421F7C006E0048F591 /* LaunchScreen.storyboard */; };
		6FCE107F1F83C3BD007E9A7C /* MerchantAPI.swift in Sources */ = {isa = PBXBuildFile; fileRef = 6FCE107E1F83C3BD007E9A7C /* MerchantAPI.swift */; };
		B766B5FA2159141A002027AC /* Transaction.swift in Sources */ = {isa = PBXBuildFile; fileRef = B766B5F92159141A002027AC /* Transaction.swift */; };
		B766B5FB2159694E002027AC /* MPGSDK.framework in Frameworks */ = {isa = PBXBuildFile; fileRef = 6FCE10891F84099B007E9A7C /* MPGSDK.framework */; };
		B766B5FC2159694E002027AC /* MPGSDK.framework in Embed Frameworks */ = {isa = PBXBuildFile; fileRef = 6FCE10891F84099B007E9A7C /* MPGSDK.framework */; settings = {ATTRIBUTES = (CodeSignOnCopy, RemoveHeadersOnCopy, ); }; };
		B7DB55282154277000D31081 /* CollectCardInfoViewModel.swift in Sources */ = {isa = PBXBuildFile; fileRef = B7DB55272154277000D31081 /* CollectCardInfoViewModel.swift */; };
		B7DB552A2154278800D31081 /* CollectCardInfoViewViewController.swift in Sources */ = {isa = PBXBuildFile; fileRef = B7DB55292154278800D31081 /* CollectCardInfoViewViewController.swift */; };
		B7DC3D392152A466009AA192 /* ConfigurationViewController.swift in Sources */ = {isa = PBXBuildFile; fileRef = B7DC3D382152A466009AA192 /* ConfigurationViewController.swift */; };
		B7DC3D3B2152AC3C009AA192 /* ConfigurationViewModel.swift in Sources */ = {isa = PBXBuildFile; fileRef = B7DC3D3A2152AC3C009AA192 /* ConfigurationViewModel.swift */; };
		B7DC3D3F2152CFF0009AA192 /* ProcessPaymentViewController.swift in Sources */ = {isa = PBXBuildFile; fileRef = B7DC3D3E2152CFF0009AA192 /* ProcessPaymentViewController.swift */; };
/* End PBXBuildFile section */

/* Begin PBXCopyFilesBuildPhase section */
		B766B5FD2159694E002027AC /* Embed Frameworks */ = {
			isa = PBXCopyFilesBuildPhase;
			buildActionMask = 2147483647;
			dstPath = "";
			dstSubfolderSpec = 10;
			files = (
				B766B5FC2159694E002027AC /* MPGSDK.framework in Embed Frameworks */,
			);
			name = "Embed Frameworks";
			runOnlyForDeploymentPostprocessing = 0;
		};
/* End PBXCopyFilesBuildPhase section */

/* Begin PBXFileReference section */
		6F15AD4B1F7E9E550084D3AD /* UIViewController+KeyboardAvoiding.swift */ = {isa = PBXFileReference; lastKnownFileType = sourcecode.swift; path = "UIViewController+KeyboardAvoiding.swift"; sourceTree = "<group>"; };
		6F5F70361F7C006E0048F591 /* MPGSDK-iOS-Sample.app */ = {isa = PBXFileReference; explicitFileType = wrapper.application; includeInIndex = 0; path = "MPGSDK-iOS-Sample.app"; sourceTree = BUILT_PRODUCTS_DIR; };
		6F5F70391F7C006E0048F591 /* AppDelegate.swift */ = {isa = PBXFileReference; lastKnownFileType = sourcecode.swift; path = AppDelegate.swift; sourceTree = "<group>"; };
		6F5F703E1F7C006E0048F591 /* Base */ = {isa = PBXFileReference; lastKnownFileType = file.storyboard; name = Base; path = Base.lproj/Main.storyboard; sourceTree = "<group>"; };
		6F5F70401F7C006E0048F591 /* Assets.xcassets */ = {isa = PBXFileReference; lastKnownFileType = folder.assetcatalog; path = Assets.xcassets; sourceTree = "<group>"; };
		6F5F70431F7C006E0048F591 /* Base */ = {isa = PBXFileReference; lastKnownFileType = file.storyboard; name = Base; path = Base.lproj/LaunchScreen.storyboard; sourceTree = "<group>"; };
		6F5F70451F7C006E0048F591 /* Info.plist */ = {isa = PBXFileReference; lastKnownFileType = text.plist.xml; path = Info.plist; sourceTree = "<group>"; };
		6FCE107E1F83C3BD007E9A7C /* MerchantAPI.swift */ = {isa = PBXFileReference; lastKnownFileType = sourcecode.swift; path = MerchantAPI.swift; sourceTree = "<group>"; };
		6FCE10891F84099B007E9A7C /* MPGSDK.framework */ = {isa = PBXFileReference; explicitFileType = wrapper.framework; path = MPGSDK.framework; sourceTree = BUILT_PRODUCTS_DIR; };
		B766B5F821557ED7002027AC /* MPGSDK-iOS-Sample.entitlements */ = {isa = PBXFileReference; lastKnownFileType = text.plist.entitlements; path = "MPGSDK-iOS-Sample.entitlements"; sourceTree = "<group>"; };
		B766B5F92159141A002027AC /* Transaction.swift */ = {isa = PBXFileReference; lastKnownFileType = sourcecode.swift; path = Transaction.swift; sourceTree = "<group>"; };
		B7DB55272154277000D31081 /* CollectCardInfoViewModel.swift */ = {isa = PBXFileReference; lastKnownFileType = sourcecode.swift; path = CollectCardInfoViewModel.swift; sourceTree = "<group>"; };
		B7DB55292154278800D31081 /* CollectCardInfoViewViewController.swift */ = {isa = PBXFileReference; lastKnownFileType = sourcecode.swift; path = CollectCardInfoViewViewController.swift; sourceTree = "<group>"; };
		B7DC3D382152A466009AA192 /* ConfigurationViewController.swift */ = {isa = PBXFileReference; lastKnownFileType = sourcecode.swift; path = ConfigurationViewController.swift; sourceTree = "<group>"; };
		B7DC3D3A2152AC3C009AA192 /* ConfigurationViewModel.swift */ = {isa = PBXFileReference; lastKnownFileType = sourcecode.swift; path = ConfigurationViewModel.swift; sourceTree = "<group>"; };
		B7DC3D3E2152CFF0009AA192 /* ProcessPaymentViewController.swift */ = {isa = PBXFileReference; lastKnownFileType = sourcecode.swift; path = ProcessPaymentViewController.swift; sourceTree = "<group>"; };
/* End PBXFileReference section */

/* Begin PBXFrameworksBuildPhase section */
		6F5F70331F7C006E0048F591 /* Frameworks */ = {
			isa = PBXFrameworksBuildPhase;
			buildActionMask = 2147483647;
			files = (
				B766B5FB2159694E002027AC /* MPGSDK.framework in Frameworks */,
			);
			runOnlyForDeploymentPostprocessing = 0;
		};
/* End PBXFrameworksBuildPhase section */

/* Begin PBXGroup section */
		6F5F702D1F7C006E0048F591 = {
			isa = PBXGroup;
			children = (
				6F5F70381F7C006E0048F591 /* MPGSDK-iOS-Sample */,
				6F5F70371F7C006E0048F591 /* Products */,
				6FCE10871F84099B007E9A7C /* Frameworks */,
			);
			sourceTree = "<group>";
		};
		6F5F70371F7C006E0048F591 /* Products */ = {
			isa = PBXGroup;
			children = (
				6F5F70361F7C006E0048F591 /* MPGSDK-iOS-Sample.app */,
			);
			name = Products;
			sourceTree = "<group>";
		};
		6F5F70381F7C006E0048F591 /* MPGSDK-iOS-Sample */ = {
			isa = PBXGroup;
			children = (
				B766B5F821557ED7002027AC /* MPGSDK-iOS-Sample.entitlements */,
				6F5F70391F7C006E0048F591 /* AppDelegate.swift */,
				B7DC3D382152A466009AA192 /* ConfigurationViewController.swift */,
				B7DC3D3A2152AC3C009AA192 /* ConfigurationViewModel.swift */,
				B766B5F92159141A002027AC /* Transaction.swift */,
				B7DC3D3E2152CFF0009AA192 /* ProcessPaymentViewController.swift */,
				B7DB55272154277000D31081 /* CollectCardInfoViewModel.swift */,
				B7DB55292154278800D31081 /* CollectCardInfoViewViewController.swift */,
				6F15AD4B1F7E9E550084D3AD /* UIViewController+KeyboardAvoiding.swift */,
				6FCE10801F83C6A4007E9A7C /* Merchant API */,
				6F5F703D1F7C006E0048F591 /* Main.storyboard */,
				6F5F70401F7C006E0048F591 /* Assets.xcassets */,
				6F5F70421F7C006E0048F591 /* LaunchScreen.storyboard */,
				6F5F70451F7C006E0048F591 /* Info.plist */,
			);
			path = "MPGSDK-iOS-Sample";
			sourceTree = "<group>";
		};
		6FCE10801F83C6A4007E9A7C /* Merchant API */ = {
			isa = PBXGroup;
			children = (
				6FCE107E1F83C3BD007E9A7C /* MerchantAPI.swift */,
			);
			path = "Merchant API";
			sourceTree = "<group>";
		};
		6FCE10871F84099B007E9A7C /* Frameworks */ = {
			isa = PBXGroup;
			children = (
				6FCE10891F84099B007E9A7C /* MPGSDK.framework */,
			);
			name = Frameworks;
			sourceTree = "<group>";
		};
/* End PBXGroup section */

/* Begin PBXNativeTarget section */
		6F5F70351F7C006E0048F591 /* MPGSDK-iOS-Sample */ = {
			isa = PBXNativeTarget;
			buildConfigurationList = 6F5F70481F7C006E0048F591 /* Build configuration list for PBXNativeTarget "MPGSDK-iOS-Sample" */;
			buildPhases = (
				6F5F70321F7C006E0048F591 /* Sources */,
				6F5F70331F7C006E0048F591 /* Frameworks */,
				6F5F70341F7C006E0048F591 /* Resources */,
				B766B5FD2159694E002027AC /* Embed Frameworks */,
			);
			buildRules = (
			);
			dependencies = (
			);
			name = "MPGSDK-iOS-Sample";
			productName = "MPGSDK-iOS-Sample";
			productReference = 6F5F70361F7C006E0048F591 /* MPGSDK-iOS-Sample.app */;
			productType = "com.apple.product-type.application";
		};
/* End PBXNativeTarget section */

/* Begin PBXProject section */
		6F5F702E1F7C006E0048F591 /* Project object */ = {
			isa = PBXProject;
			attributes = {
				LastSwiftUpdateCheck = 0900;
				LastUpgradeCheck = 1010;
				ORGANIZATIONNAME = mastercard;
				TargetAttributes = {
					6F5F70351F7C006E0048F591 = {
						CreatedOnToolsVersion = 9.0;
						LastSwiftMigration = 1110;
						ProvisioningStyle = Automatic;
						SystemCapabilities = {
							com.apple.ApplePay = {
								enabled = 1;
							};
						};
					};
				};
			};
			buildConfigurationList = 6F5F70311F7C006E0048F591 /* Build configuration list for PBXProject "MPGSDK-iOS-Sample" */;
			compatibilityVersion = "Xcode 8.0";
			developmentRegion = en;
			hasScannedForEncodings = 0;
			knownRegions = (
				en,
				Base,
			);
			mainGroup = 6F5F702D1F7C006E0048F591;
			productRefGroup = 6F5F70371F7C006E0048F591 /* Products */;
			projectDirPath = "";
			projectRoot = "";
			targets = (
				6F5F70351F7C006E0048F591 /* MPGSDK-iOS-Sample */,
			);
		};
/* End PBXProject section */

/* Begin PBXResourcesBuildPhase section */
		6F5F70341F7C006E0048F591 /* Resources */ = {
			isa = PBXResourcesBuildPhase;
			buildActionMask = 2147483647;
			files = (
				6F5F70441F7C006E0048F591 /* LaunchScreen.storyboard in Resources */,
				6F5F70411F7C006E0048F591 /* Assets.xcassets in Resources */,
				6F5F703F1F7C006E0048F591 /* Main.storyboard in Resources */,
			);
			runOnlyForDeploymentPostprocessing = 0;
		};
/* End PBXResourcesBuildPhase section */

/* Begin PBXSourcesBuildPhase section */
		6F5F70321F7C006E0048F591 /* Sources */ = {
			isa = PBXSourcesBuildPhase;
			buildActionMask = 2147483647;
			files = (
				6FCE107F1F83C3BD007E9A7C /* MerchantAPI.swift in Sources */,
				6F15AD4C1F7E9E550084D3AD /* UIViewController+KeyboardAvoiding.swift in Sources */,
				B7DC3D392152A466009AA192 /* ConfigurationViewController.swift in Sources */,
				B7DC3D3B2152AC3C009AA192 /* ConfigurationViewModel.swift in Sources */,
				B7DB552A2154278800D31081 /* CollectCardInfoViewViewController.swift in Sources */,
				B7DC3D3F2152CFF0009AA192 /* ProcessPaymentViewController.swift in Sources */,
				6F5F703A1F7C006E0048F591 /* AppDelegate.swift in Sources */,
				B7DB55282154277000D31081 /* CollectCardInfoViewModel.swift in Sources */,
				B766B5FA2159141A002027AC /* Transaction.swift in Sources */,
			);
			runOnlyForDeploymentPostprocessing = 0;
		};
/* End PBXSourcesBuildPhase section */

/* Begin PBXVariantGroup section */
		6F5F703D1F7C006E0048F591 /* Main.storyboard */ = {
			isa = PBXVariantGroup;
			children = (
				6F5F703E1F7C006E0048F591 /* Base */,
			);
			name = Main.storyboard;
			sourceTree = "<group>";
		};
		6F5F70421F7C006E0048F591 /* LaunchScreen.storyboard */ = {
			isa = PBXVariantGroup;
			children = (
				6F5F70431F7C006E0048F591 /* Base */,
			);
			name = LaunchScreen.storyboard;
			sourceTree = "<group>";
		};
/* End PBXVariantGroup section */

/* Begin XCBuildConfiguration section */
		6F5F70461F7C006E0048F591 /* Debug */ = {
			isa = XCBuildConfiguration;
			buildSettings = {
				ALWAYS_SEARCH_USER_PATHS = NO;
				CLANG_ANALYZER_NONNULL = YES;
				CLANG_ANALYZER_NUMBER_OBJECT_CONVERSION = YES_AGGRESSIVE;
				CLANG_CXX_LANGUAGE_STANDARD = "gnu++14";
				CLANG_CXX_LIBRARY = "libc++";
				CLANG_ENABLE_MODULES = YES;
				CLANG_ENABLE_OBJC_ARC = YES;
				CLANG_WARN_BLOCK_CAPTURE_AUTORELEASING = YES;
				CLANG_WARN_BOOL_CONVERSION = YES;
				CLANG_WARN_COMMA = YES;
				CLANG_WARN_CONSTANT_CONVERSION = YES;
				CLANG_WARN_DEPRECATED_OBJC_IMPLEMENTATIONS = YES;
				CLANG_WARN_DIRECT_OBJC_ISA_USAGE = YES_ERROR;
				CLANG_WARN_DOCUMENTATION_COMMENTS = YES;
				CLANG_WARN_EMPTY_BODY = YES;
				CLANG_WARN_ENUM_CONVERSION = YES;
				CLANG_WARN_INFINITE_RECURSION = YES;
				CLANG_WARN_INT_CONVERSION = YES;
				CLANG_WARN_NON_LITERAL_NULL_CONVERSION = YES;
				CLANG_WARN_OBJC_IMPLICIT_RETAIN_SELF = YES;
				CLANG_WARN_OBJC_LITERAL_CONVERSION = YES;
				CLANG_WARN_OBJC_ROOT_CLASS = YES_ERROR;
				CLANG_WARN_RANGE_LOOP_ANALYSIS = YES;
				CLANG_WARN_STRICT_PROTOTYPES = YES;
				CLANG_WARN_SUSPICIOUS_MOVE = YES;
				CLANG_WARN_UNGUARDED_AVAILABILITY = YES_AGGRESSIVE;
				CLANG_WARN_UNREACHABLE_CODE = YES;
				CLANG_WARN__DUPLICATE_METHOD_MATCH = YES;
				CODE_SIGN_IDENTITY = "iPhone Developer";
				COPY_PHASE_STRIP = NO;
				DEBUG_INFORMATION_FORMAT = dwarf;
				ENABLE_STRICT_OBJC_MSGSEND = YES;
				ENABLE_TESTABILITY = YES;
				GCC_C_LANGUAGE_STANDARD = gnu11;
				GCC_DYNAMIC_NO_PIC = NO;
				GCC_NO_COMMON_BLOCKS = YES;
				GCC_OPTIMIZATION_LEVEL = 0;
				GCC_PREPROCESSOR_DEFINITIONS = (
					"DEBUG=1",
					"$(inherited)",
				);
				GCC_WARN_64_TO_32_BIT_CONVERSION = YES;
				GCC_WARN_ABOUT_RETURN_TYPE = YES_ERROR;
				GCC_WARN_UNDECLARED_SELECTOR = YES;
				GCC_WARN_UNINITIALIZED_AUTOS = YES_AGGRESSIVE;
				GCC_WARN_UNUSED_FUNCTION = YES;
				GCC_WARN_UNUSED_VARIABLE = YES;
				IPHONEOS_DEPLOYMENT_TARGET = 11.0;
				MTL_ENABLE_DEBUG_INFO = YES;
				ONLY_ACTIVE_ARCH = YES;
				SDKROOT = iphoneos;
				SWIFT_ACTIVE_COMPILATION_CONDITIONS = DEBUG;
				SWIFT_OPTIMIZATION_LEVEL = "-Onone";
			};
			name = Debug;
		};
		6F5F70471F7C006E0048F591 /* Release */ = {
			isa = XCBuildConfiguration;
			buildSettings = {
				ALWAYS_SEARCH_USER_PATHS = NO;
				CLANG_ANALYZER_NONNULL = YES;
				CLANG_ANALYZER_NUMBER_OBJECT_CONVERSION = YES_AGGRESSIVE;
				CLANG_CXX_LANGUAGE_STANDARD = "gnu++14";
				CLANG_CXX_LIBRARY = "libc++";
				CLANG_ENABLE_MODULES = YES;
				CLANG_ENABLE_OBJC_ARC = YES;
				CLANG_WARN_BLOCK_CAPTURE_AUTORELEASING = YES;
				CLANG_WARN_BOOL_CONVERSION = YES;
				CLANG_WARN_COMMA = YES;
				CLANG_WARN_CONSTANT_CONVERSION = YES;
				CLANG_WARN_DEPRECATED_OBJC_IMPLEMENTATIONS = YES;
				CLANG_WARN_DIRECT_OBJC_ISA_USAGE = YES_ERROR;
				CLANG_WARN_DOCUMENTATION_COMMENTS = YES;
				CLANG_WARN_EMPTY_BODY = YES;
				CLANG_WARN_ENUM_CONVERSION = YES;
				CLANG_WARN_INFINITE_RECURSION = YES;
				CLANG_WARN_INT_CONVERSION = YES;
				CLANG_WARN_NON_LITERAL_NULL_CONVERSION = YES;
				CLANG_WARN_OBJC_IMPLICIT_RETAIN_SELF = YES;
				CLANG_WARN_OBJC_LITERAL_CONVERSION = YES;
				CLANG_WARN_OBJC_ROOT_CLASS = YES_ERROR;
				CLANG_WARN_RANGE_LOOP_ANALYSIS = YES;
				CLANG_WARN_STRICT_PROTOTYPES = YES;
				CLANG_WARN_SUSPICIOUS_MOVE = YES;
				CLANG_WARN_UNGUARDED_AVAILABILITY = YES_AGGRESSIVE;
				CLANG_WARN_UNREACHABLE_CODE = YES;
				CLANG_WARN__DUPLICATE_METHOD_MATCH = YES;
				CODE_SIGN_IDENTITY = "iPhone Developer";
				COPY_PHASE_STRIP = NO;
				DEBUG_INFORMATION_FORMAT = "dwarf-with-dsym";
				ENABLE_NS_ASSERTIONS = NO;
				ENABLE_STRICT_OBJC_MSGSEND = YES;
				GCC_C_LANGUAGE_STANDARD = gnu11;
				GCC_NO_COMMON_BLOCKS = YES;
				GCC_WARN_64_TO_32_BIT_CONVERSION = YES;
				GCC_WARN_ABOUT_RETURN_TYPE = YES_ERROR;
				GCC_WARN_UNDECLARED_SELECTOR = YES;
				GCC_WARN_UNINITIALIZED_AUTOS = YES_AGGRESSIVE;
				GCC_WARN_UNUSED_FUNCTION = YES;
				GCC_WARN_UNUSED_VARIABLE = YES;
				IPHONEOS_DEPLOYMENT_TARGET = 11.0;
				MTL_ENABLE_DEBUG_INFO = NO;
				SDKROOT = iphoneos;
				SWIFT_OPTIMIZATION_LEVEL = "-Owholemodule";
				VALIDATE_PRODUCT = YES;
			};
			name = Release;
		};
		6F5F70491F7C006E0048F591 /* Debug */ = {
			isa = XCBuildConfiguration;
			buildSettings = {
				ASSETCATALOG_COMPILER_APPICON_NAME = AppIcon;
				CODE_SIGN_ENTITLEMENTS = "MPGSDK-iOS-Sample/MPGSDK-iOS-Sample.entitlements";
				CODE_SIGN_STYLE = Automatic;
				DEVELOPMENT_TEAM = 659EW42358;
				INFOPLIST_FILE = "MPGSDK-iOS-Sample/Info.plist";
				LD_RUNPATH_SEARCH_PATHS = "$(inherited) @executable_path/Frameworks";
				PRODUCT_BUNDLE_IDENTIFIER = "com.mastercard.MPGSDK-iOS-Sample";
				PRODUCT_NAME = "$(TARGET_NAME)";
				SWIFT_VERSION = 5.0;
				TARGETED_DEVICE_FAMILY = "1,2";
			};
			name = Debug;
		};
		6F5F704A1F7C006E0048F591 /* Release */ = {
			isa = XCBuildConfiguration;
			buildSettings = {
				ASSETCATALOG_COMPILER_APPICON_NAME = AppIcon;
				CODE_SIGN_ENTITLEMENTS = "MPGSDK-iOS-Sample/MPGSDK-iOS-Sample.entitlements";
				CODE_SIGN_STYLE = Automatic;
				DEVELOPMENT_TEAM = 659EW42358;
				INFOPLIST_FILE = "MPGSDK-iOS-Sample/Info.plist";
				LD_RUNPATH_SEARCH_PATHS = "$(inherited) @executable_path/Frameworks";
				PRODUCT_BUNDLE_IDENTIFIER = "com.mastercard.MPGSDK-iOS-Sample";
				PRODUCT_NAME = "$(TARGET_NAME)";
				SWIFT_VERSION = 5.0;
				TARGETED_DEVICE_FAMILY = "1,2";
			};
			name = Release;
		};
/* End XCBuildConfiguration section */

/* Begin XCConfigurationList section */
		6F5F70311F7C006E0048F591 /* Build configuration list for PBXProject "MPGSDK-iOS-Sample" */ = {
			isa = XCConfigurationList;
			buildConfigurations = (
				6F5F70461F7C006E0048F591 /* Debug */,
				6F5F70471F7C006E0048F591 /* Release */,
			);
			defaultConfigurationIsVisible = 0;
			defaultConfigurationName = Release;
		};
		6F5F70481F7C006E0048F591 /* Build configuration list for PBXNativeTarget "MPGSDK-iOS-Sample" */ = {
			isa = XCConfigurationList;
			buildConfigurations = (
				6F5F70491F7C006E0048F591 /* Debug */,
				6F5F704A1F7C006E0048F591 /* Release */,
			);
			defaultConfigurationIsVisible = 0;
			defaultConfigurationName = Release;
		};
/* End XCConfigurationList section */
	};
	rootObject = 6F5F702E1F7C006E0048F591 /* Project object */;
}
